// !$*UTF8*$!
{
	archiveVersion = 1;
	classes = {
	};
	objectVersion = 55;
	objects = {

/* Begin PBXBuildFile section */
		479F294F281D74A3009DCE91 /* AppDelegate.swift in Sources */ = {isa = PBXBuildFile; fileRef = 479F294E281D74A3009DCE91 /* AppDelegate.swift */; };
		479F2958281D74A6009DCE91 /* Assets.xcassets in Resources */ = {isa = PBXBuildFile; fileRef = 479F2957281D74A6009DCE91 /* Assets.xcassets */; };
		479F295B281D74A6009DCE91 /* LaunchScreen.storyboard in Resources */ = {isa = PBXBuildFile; fileRef = 479F2959281D74A6009DCE91 /* LaunchScreen.storyboard */; };
		479F2966281D74A6009DCE91 /* BrewdogTests.swift in Sources */ = {isa = PBXBuildFile; fileRef = 479F2965281D74A6009DCE91 /* BrewdogTests.swift */; };
		479F2970281D74A6009DCE91 /* BrewdogUITests.swift in Sources */ = {isa = PBXBuildFile; fileRef = 479F296F281D74A6009DCE91 /* BrewdogUITests.swift */; };
		479F2972281D74A6009DCE91 /* BrewdogUITestsLaunchTests.swift in Sources */ = {isa = PBXBuildFile; fileRef = 479F2971281D74A6009DCE91 /* BrewdogUITestsLaunchTests.swift */; };
		479F2987281D776C009DCE91 /* AppCoordinator.swift in Sources */ = {isa = PBXBuildFile; fileRef = 479F2986281D776C009DCE91 /* AppCoordinator.swift */; };
		479F2989281D7776009DCE91 /* BaseCoordinator.swift in Sources */ = {isa = PBXBuildFile; fileRef = 479F2988281D7776009DCE91 /* BaseCoordinator.swift */; };
		479F298B281D777D009DCE91 /* Coordinator.swift in Sources */ = {isa = PBXBuildFile; fileRef = 479F298A281D777D009DCE91 /* Coordinator.swift */; };
		479F298E281D77E5009DCE91 /* BeerListViewController.swift in Sources */ = {isa = PBXBuildFile; fileRef = 479F298D281D77E5009DCE91 /* BeerListViewController.swift */; };
		479F2990281D77ED009DCE91 /* BeerListViewController.xib in Resources */ = {isa = PBXBuildFile; fileRef = 479F298F281D77ED009DCE91 /* BeerListViewController.xib */; };
		479F2992281D77F8009DCE91 /* BeerListCoordinator.swift in Sources */ = {isa = PBXBuildFile; fileRef = 479F2991281D77F8009DCE91 /* BeerListCoordinator.swift */; };
		479F2994281D7802009DCE91 /* BeerListViewModel.swift in Sources */ = {isa = PBXBuildFile; fileRef = 479F2993281D7802009DCE91 /* BeerListViewModel.swift */; };
		479F2997281D7817009DCE91 /* BeerDetailsCoordinator.swift in Sources */ = {isa = PBXBuildFile; fileRef = 479F2996281D7817009DCE91 /* BeerDetailsCoordinator.swift */; };
		479F2999281D7820009DCE91 /* BeerDetailsViewModel.swift in Sources */ = {isa = PBXBuildFile; fileRef = 479F2998281D7820009DCE91 /* BeerDetailsViewModel.swift */; };
		479F299B281D7829009DCE91 /* BeerDetailsViewController.swift in Sources */ = {isa = PBXBuildFile; fileRef = 479F299A281D7829009DCE91 /* BeerDetailsViewController.swift */; };
		479F299D281D7838009DCE91 /* BeerDetailsViewController.xib in Resources */ = {isa = PBXBuildFile; fileRef = 479F299C281D7838009DCE91 /* BeerDetailsViewController.xib */; };
		479F299F281D7852009DCE91 /* BaseViewController.swift in Sources */ = {isa = PBXBuildFile; fileRef = 479F299E281D7852009DCE91 /* BaseViewController.swift */; };
		479F29A1281D789C009DCE91 /* UIViewController+Extension.swift in Sources */ = {isa = PBXBuildFile; fileRef = 479F29A0281D789C009DCE91 /* UIViewController+Extension.swift */; };
		479F29A3281D78B7009DCE91 /* UIView+Extension.swift in Sources */ = {isa = PBXBuildFile; fileRef = 479F29A2281D78B7009DCE91 /* UIView+Extension.swift */; };
		479F29A5281D78D1009DCE91 /* LoadableImageView.swift in Sources */ = {isa = PBXBuildFile; fileRef = 479F29A4281D78D1009DCE91 /* LoadableImageView.swift */; };
		479F29A7281D78F3009DCE91 /* Bindable.swift in Sources */ = {isa = PBXBuildFile; fileRef = 479F29A6281D78F3009DCE91 /* Bindable.swift */; };
		479F29A9281D7900009DCE91 /* ErrorHelper.swift in Sources */ = {isa = PBXBuildFile; fileRef = 479F29A8281D7900009DCE91 /* ErrorHelper.swift */; };
		479F29AB281D790E009DCE91 /* ImageCache.swift in Sources */ = {isa = PBXBuildFile; fileRef = 479F29AA281D790E009DCE91 /* ImageCache.swift */; };
		479F29AE281D793A009DCE91 /* API.swift in Sources */ = {isa = PBXBuildFile; fileRef = 479F29AD281D793A009DCE91 /* API.swift */; };
		479F29B0281D794B009DCE91 /* APIRequest.swift in Sources */ = {isa = PBXBuildFile; fileRef = 479F29AF281D794B009DCE91 /* APIRequest.swift */; };
		479F29B2281D7963009DCE91 /* AppAPI.swift in Sources */ = {isa = PBXBuildFile; fileRef = 479F29B1281D7963009DCE91 /* AppAPI.swift */; };
		479F29B4281D82D2009DCE91 /* Beer.swift in Sources */ = {isa = PBXBuildFile; fileRef = 479F29B3281D82D2009DCE91 /* Beer.swift */; };
		479F29B7281D853C009DCE91 /* BeerCell.swift in Sources */ = {isa = PBXBuildFile; fileRef = 479F29B6281D853C009DCE91 /* BeerCell.swift */; };
		479F29B9281D8548009DCE91 /* BeerCell.xib in Resources */ = {isa = PBXBuildFile; fileRef = 479F29B8281D8548009DCE91 /* BeerCell.xib */; };
		479F29BB281D8A35009DCE91 /* BeersRequest.swift in Sources */ = {isa = PBXBuildFile; fileRef = 479F29BA281D8A34009DCE91 /* BeersRequest.swift */; };
		479F29BD281D9255009DCE91 /* Method.swift in Sources */ = {isa = PBXBuildFile; fileRef = 479F29BC281D9255009DCE91 /* Method.swift */; };
		479F29BF281D9275009DCE91 /* Ingredients.swift in Sources */ = {isa = PBXBuildFile; fileRef = 479F29BE281D9275009DCE91 /* Ingredients.swift */; };
		479F29C1281D961D009DCE91 /* DetailCell.swift in Sources */ = {isa = PBXBuildFile; fileRef = 479F29C0281D961D009DCE91 /* DetailCell.swift */; };
		479F29C4281D962D009DCE91 /* DetailCell.xib in Resources */ = {isa = PBXBuildFile; fileRef = 479F29C3281D962D009DCE91 /* DetailCell.xib */; };
/* End PBXBuildFile section */

/* Begin PBXContainerItemProxy section */
		479F2962281D74A6009DCE91 /* PBXContainerItemProxy */ = {
			isa = PBXContainerItemProxy;
			containerPortal = 479F2943281D74A3009DCE91 /* Project object */;
			proxyType = 1;
			remoteGlobalIDString = 479F294A281D74A3009DCE91;
			remoteInfo = Brewdog;
		};
		479F296C281D74A6009DCE91 /* PBXContainerItemProxy */ = {
			isa = PBXContainerItemProxy;
			containerPortal = 479F2943281D74A3009DCE91 /* Project object */;
			proxyType = 1;
			remoteGlobalIDString = 479F294A281D74A3009DCE91;
			remoteInfo = Brewdog;
		};
/* End PBXContainerItemProxy section */

/* Begin PBXFileReference section */
		479F294B281D74A3009DCE91 /* Brewdog.app */ = {isa = PBXFileReference; explicitFileType = wrapper.application; includeInIndex = 0; path = Brewdog.app; sourceTree = BUILT_PRODUCTS_DIR; };
		479F294E281D74A3009DCE91 /* AppDelegate.swift */ = {isa = PBXFileReference; lastKnownFileType = sourcecode.swift; path = AppDelegate.swift; sourceTree = "<group>"; };
		479F2957281D74A6009DCE91 /* Assets.xcassets */ = {isa = PBXFileReference; lastKnownFileType = folder.assetcatalog; path = Assets.xcassets; sourceTree = "<group>"; };
		479F295A281D74A6009DCE91 /* Base */ = {isa = PBXFileReference; lastKnownFileType = file.storyboard; name = Base; path = Base.lproj/LaunchScreen.storyboard; sourceTree = "<group>"; };
		479F295C281D74A6009DCE91 /* Info.plist */ = {isa = PBXFileReference; lastKnownFileType = text.plist.xml; path = Info.plist; sourceTree = "<group>"; };
		479F2961281D74A6009DCE91 /* BrewdogTests.xctest */ = {isa = PBXFileReference; explicitFileType = wrapper.cfbundle; includeInIndex = 0; path = BrewdogTests.xctest; sourceTree = BUILT_PRODUCTS_DIR; };
		479F2965281D74A6009DCE91 /* BrewdogTests.swift */ = {isa = PBXFileReference; lastKnownFileType = sourcecode.swift; path = BrewdogTests.swift; sourceTree = "<group>"; };
		479F296B281D74A6009DCE91 /* BrewdogUITests.xctest */ = {isa = PBXFileReference; explicitFileType = wrapper.cfbundle; includeInIndex = 0; path = BrewdogUITests.xctest; sourceTree = BUILT_PRODUCTS_DIR; };
		479F296F281D74A6009DCE91 /* BrewdogUITests.swift */ = {isa = PBXFileReference; lastKnownFileType = sourcecode.swift; path = BrewdogUITests.swift; sourceTree = "<group>"; };
		479F2971281D74A6009DCE91 /* BrewdogUITestsLaunchTests.swift */ = {isa = PBXFileReference; lastKnownFileType = sourcecode.swift; path = BrewdogUITestsLaunchTests.swift; sourceTree = "<group>"; };
		479F2986281D776C009DCE91 /* AppCoordinator.swift */ = {isa = PBXFileReference; lastKnownFileType = sourcecode.swift; path = AppCoordinator.swift; sourceTree = "<group>"; };
		479F2988281D7776009DCE91 /* BaseCoordinator.swift */ = {isa = PBXFileReference; lastKnownFileType = sourcecode.swift; path = BaseCoordinator.swift; sourceTree = "<group>"; };
		479F298A281D777D009DCE91 /* Coordinator.swift */ = {isa = PBXFileReference; lastKnownFileType = sourcecode.swift; path = Coordinator.swift; sourceTree = "<group>"; };
		479F298D281D77E5009DCE91 /* BeerListViewController.swift */ = {isa = PBXFileReference; lastKnownFileType = sourcecode.swift; path = BeerListViewController.swift; sourceTree = "<group>"; };
		479F298F281D77ED009DCE91 /* BeerListViewController.xib */ = {isa = PBXFileReference; lastKnownFileType = file.xib; path = BeerListViewController.xib; sourceTree = "<group>"; };
		479F2991281D77F8009DCE91 /* BeerListCoordinator.swift */ = {isa = PBXFileReference; lastKnownFileType = sourcecode.swift; path = BeerListCoordinator.swift; sourceTree = "<group>"; };
		479F2993281D7802009DCE91 /* BeerListViewModel.swift */ = {isa = PBXFileReference; lastKnownFileType = sourcecode.swift; path = BeerListViewModel.swift; sourceTree = "<group>"; };
		479F2996281D7817009DCE91 /* BeerDetailsCoordinator.swift */ = {isa = PBXFileReference; lastKnownFileType = sourcecode.swift; path = BeerDetailsCoordinator.swift; sourceTree = "<group>"; };
		479F2998281D7820009DCE91 /* BeerDetailsViewModel.swift */ = {isa = PBXFileReference; lastKnownFileType = sourcecode.swift; path = BeerDetailsViewModel.swift; sourceTree = "<group>"; };
		479F299A281D7829009DCE91 /* BeerDetailsViewController.swift */ = {isa = PBXFileReference; lastKnownFileType = sourcecode.swift; path = BeerDetailsViewController.swift; sourceTree = "<group>"; };
		479F299C281D7838009DCE91 /* BeerDetailsViewController.xib */ = {isa = PBXFileReference; lastKnownFileType = file.xib; path = BeerDetailsViewController.xib; sourceTree = "<group>"; };
		479F299E281D7852009DCE91 /* BaseViewController.swift */ = {isa = PBXFileReference; lastKnownFileType = sourcecode.swift; path = BaseViewController.swift; sourceTree = "<group>"; };
		479F29A0281D789C009DCE91 /* UIViewController+Extension.swift */ = {isa = PBXFileReference; lastKnownFileType = sourcecode.swift; path = "UIViewController+Extension.swift"; sourceTree = "<group>"; };
		479F29A2281D78B7009DCE91 /* UIView+Extension.swift */ = {isa = PBXFileReference; lastKnownFileType = sourcecode.swift; path = "UIView+Extension.swift"; sourceTree = "<group>"; };
		479F29A4281D78D1009DCE91 /* LoadableImageView.swift */ = {isa = PBXFileReference; lastKnownFileType = sourcecode.swift; path = LoadableImageView.swift; sourceTree = "<group>"; };
		479F29A6281D78F3009DCE91 /* Bindable.swift */ = {isa = PBXFileReference; lastKnownFileType = sourcecode.swift; path = Bindable.swift; sourceTree = "<group>"; };
		479F29A8281D7900009DCE91 /* ErrorHelper.swift */ = {isa = PBXFileReference; lastKnownFileType = sourcecode.swift; path = ErrorHelper.swift; sourceTree = "<group>"; };
		479F29AA281D790E009DCE91 /* ImageCache.swift */ = {isa = PBXFileReference; lastKnownFileType = sourcecode.swift; path = ImageCache.swift; sourceTree = "<group>"; };
		479F29AD281D793A009DCE91 /* API.swift */ = {isa = PBXFileReference; lastKnownFileType = sourcecode.swift; path = API.swift; sourceTree = "<group>"; };
		479F29AF281D794B009DCE91 /* APIRequest.swift */ = {isa = PBXFileReference; lastKnownFileType = sourcecode.swift; path = APIRequest.swift; sourceTree = "<group>"; };
		479F29B1281D7963009DCE91 /* AppAPI.swift */ = {isa = PBXFileReference; lastKnownFileType = sourcecode.swift; path = AppAPI.swift; sourceTree = "<group>"; };
		479F29B3281D82D2009DCE91 /* Beer.swift */ = {isa = PBXFileReference; lastKnownFileType = sourcecode.swift; path = Beer.swift; sourceTree = "<group>"; };
		479F29B6281D853C009DCE91 /* BeerCell.swift */ = {isa = PBXFileReference; lastKnownFileType = sourcecode.swift; path = BeerCell.swift; sourceTree = "<group>"; };
		479F29B8281D8548009DCE91 /* BeerCell.xib */ = {isa = PBXFileReference; lastKnownFileType = file.xib; path = BeerCell.xib; sourceTree = "<group>"; };
		479F29BA281D8A34009DCE91 /* BeersRequest.swift */ = {isa = PBXFileReference; lastKnownFileType = sourcecode.swift; path = BeersRequest.swift; sourceTree = "<group>"; };
		479F29BC281D9255009DCE91 /* Method.swift */ = {isa = PBXFileReference; lastKnownFileType = sourcecode.swift; path = Method.swift; sourceTree = "<group>"; };
		479F29BE281D9275009DCE91 /* Ingredients.swift */ = {isa = PBXFileReference; lastKnownFileType = sourcecode.swift; path = Ingredients.swift; sourceTree = "<group>"; };
		479F29C0281D961D009DCE91 /* DetailCell.swift */ = {isa = PBXFileReference; lastKnownFileType = sourcecode.swift; path = DetailCell.swift; sourceTree = "<group>"; };
		479F29C3281D962D009DCE91 /* DetailCell.xib */ = {isa = PBXFileReference; lastKnownFileType = file.xib; path = DetailCell.xib; sourceTree = "<group>"; };
/* End PBXFileReference section */

/* Begin PBXFrameworksBuildPhase section */
		479F2948281D74A3009DCE91 /* Frameworks */ = {
			isa = PBXFrameworksBuildPhase;
			buildActionMask = 2147483647;
			files = (
			);
			runOnlyForDeploymentPostprocessing = 0;
		};
		479F295E281D74A6009DCE91 /* Frameworks */ = {
			isa = PBXFrameworksBuildPhase;
			buildActionMask = 2147483647;
			files = (
			);
			runOnlyForDeploymentPostprocessing = 0;
		};
		479F2968281D74A6009DCE91 /* Frameworks */ = {
			isa = PBXFrameworksBuildPhase;
			buildActionMask = 2147483647;
			files = (
			);
			runOnlyForDeploymentPostprocessing = 0;
		};
/* End PBXFrameworksBuildPhase section */

/* Begin PBXGroup section */
		479F2942281D74A3009DCE91 = {
			isa = PBXGroup;
			children = (
				479F294D281D74A3009DCE91 /* Brewdog */,
				479F2964281D74A6009DCE91 /* BrewdogTests */,
				479F296E281D74A6009DCE91 /* BrewdogUITests */,
				479F294C281D74A3009DCE91 /* Products */,
			);
			sourceTree = "<group>";
		};
		479F294C281D74A3009DCE91 /* Products */ = {
			isa = PBXGroup;
			children = (
				479F294B281D74A3009DCE91 /* Brewdog.app */,
				479F2961281D74A6009DCE91 /* BrewdogTests.xctest */,
				479F296B281D74A6009DCE91 /* BrewdogUITests.xctest */,
			);
			name = Products;
			sourceTree = "<group>";
		};
		479F294D281D74A3009DCE91 /* Brewdog */ = {
			isa = PBXGroup;
			children = (
				479F294E281D74A3009DCE91 /* AppDelegate.swift */,
				479F297F281D7725009DCE91 /* API */,
				479F2980281D772A009DCE91 /* Extensions */,
				479F2981281D7730009DCE91 /* Helpers */,
				479F2982281D7735009DCE91 /* Models */,
				479F2985281D774A009DCE91 /* Modules */,
				479F2984281D7740009DCE91 /* Navigation */,
				479F297E281D76A5009DCE91 /* Resources */,
				479F2983281D7739009DCE91 /* Views */,
				479F295C281D74A6009DCE91 /* Info.plist */,
			);
			path = Brewdog;
			sourceTree = "<group>";
		};
		479F2964281D74A6009DCE91 /* BrewdogTests */ = {
			isa = PBXGroup;
			children = (
				479F2965281D74A6009DCE91 /* BrewdogTests.swift */,
			);
			path = BrewdogTests;
			sourceTree = "<group>";
		};
		479F296E281D74A6009DCE91 /* BrewdogUITests */ = {
			isa = PBXGroup;
			children = (
				479F296F281D74A6009DCE91 /* BrewdogUITests.swift */,
				479F2971281D74A6009DCE91 /* BrewdogUITestsLaunchTests.swift */,
			);
			path = BrewdogUITests;
			sourceTree = "<group>";
		};
		479F297E281D76A5009DCE91 /* Resources */ = {
			isa = PBXGroup;
			children = (
				479F2957281D74A6009DCE91 /* Assets.xcassets */,
				479F2959281D74A6009DCE91 /* LaunchScreen.storyboard */,
			);
			path = Resources;
			sourceTree = "<group>";
		};
		479F297F281D7725009DCE91 /* API */ = {
			isa = PBXGroup;
			children = (
				479F29AC281D792F009DCE91 /* Requests */,
				479F29AD281D793A009DCE91 /* API.swift */,
				479F29AF281D794B009DCE91 /* APIRequest.swift */,
				479F29B1281D7963009DCE91 /* AppAPI.swift */,
			);
			path = API;
			sourceTree = "<group>";
		};
		479F2980281D772A009DCE91 /* Extensions */ = {
			isa = PBXGroup;
			children = (
				479F299E281D7852009DCE91 /* BaseViewController.swift */,
				479F29A2281D78B7009DCE91 /* UIView+Extension.swift */,
				479F29A0281D789C009DCE91 /* UIViewController+Extension.swift */,
			);
			path = Extensions;
			sourceTree = "<group>";
		};
		479F2981281D7730009DCE91 /* Helpers */ = {
			isa = PBXGroup;
			children = (
				479F29A6281D78F3009DCE91 /* Bindable.swift */,
				479F29A8281D7900009DCE91 /* ErrorHelper.swift */,
				479F29AA281D790E009DCE91 /* ImageCache.swift */,
			);
			path = Helpers;
			sourceTree = "<group>";
		};
		479F2982281D7735009DCE91 /* Models */ = {
			isa = PBXGroup;
			children = (
				479F29B3281D82D2009DCE91 /* Beer.swift */,
				479F29BE281D9275009DCE91 /* Ingredients.swift */,
				479F29BC281D9255009DCE91 /* Method.swift */,
			);
			path = Models;
			sourceTree = "<group>";
		};
		479F2983281D7739009DCE91 /* Views */ = {
			isa = PBXGroup;
			children = (
				479F29A4281D78D1009DCE91 /* LoadableImageView.swift */,
			);
			path = Views;
			sourceTree = "<group>";
		};
		479F2984281D7740009DCE91 /* Navigation */ = {
			isa = PBXGroup;
			children = (
				479F2986281D776C009DCE91 /* AppCoordinator.swift */,
				479F2988281D7776009DCE91 /* BaseCoordinator.swift */,
				479F298A281D777D009DCE91 /* Coordinator.swift */,
			);
			path = Navigation;
			sourceTree = "<group>";
		};
		479F2985281D774A009DCE91 /* Modules */ = {
			isa = PBXGroup;
			children = (
				479F2995281D780C009DCE91 /* BeerDetails */,
				479F298C281D77D6009DCE91 /* BeerList */,
			);
			path = Modules;
			sourceTree = "<group>";
		};
		479F298C281D77D6009DCE91 /* BeerList */ = {
			isa = PBXGroup;
			children = (
				479F29B5281D852E009DCE91 /* Views */,
				479F2991281D77F8009DCE91 /* BeerListCoordinator.swift */,
				479F298D281D77E5009DCE91 /* BeerListViewController.swift */,
				479F298F281D77ED009DCE91 /* BeerListViewController.xib */,
				479F2993281D7802009DCE91 /* BeerListViewModel.swift */,
			);
			path = BeerList;
			sourceTree = "<group>";
		};
		479F2995281D780C009DCE91 /* BeerDetails */ = {
			isa = PBXGroup;
			children = (
				479F29C2281D9621009DCE91 /* Views */,
				479F2996281D7817009DCE91 /* BeerDetailsCoordinator.swift */,
				479F299A281D7829009DCE91 /* BeerDetailsViewController.swift */,
				479F299C281D7838009DCE91 /* BeerDetailsViewController.xib */,
				479F2998281D7820009DCE91 /* BeerDetailsViewModel.swift */,
			);
			path = BeerDetails;
			sourceTree = "<group>";
		};
		479F29AC281D792F009DCE91 /* Requests */ = {
			isa = PBXGroup;
			children = (
				479F29BA281D8A34009DCE91 /* BeersRequest.swift */,
			);
			path = Requests;
			sourceTree = "<group>";
		};
		479F29B5281D852E009DCE91 /* Views */ = {
			isa = PBXGroup;
			children = (
				479F29B6281D853C009DCE91 /* BeerCell.swift */,
				479F29B8281D8548009DCE91 /* BeerCell.xib */,
			);
			path = Views;
			sourceTree = "<group>";
		};
		479F29C2281D9621009DCE91 /* Views */ = {
			isa = PBXGroup;
			children = (
				479F29C0281D961D009DCE91 /* DetailCell.swift */,
				479F29C3281D962D009DCE91 /* DetailCell.xib */,
			);
			path = Views;
			sourceTree = "<group>";
		};
/* End PBXGroup section */

/* Begin PBXNativeTarget section */
		479F294A281D74A3009DCE91 /* Brewdog */ = {
			isa = PBXNativeTarget;
			buildConfigurationList = 479F2975281D74A6009DCE91 /* Build configuration list for PBXNativeTarget "Brewdog" */;
			buildPhases = (
				479F2947281D74A3009DCE91 /* Sources */,
				479F2948281D74A3009DCE91 /* Frameworks */,
				479F2949281D74A3009DCE91 /* Resources */,
			);
			buildRules = (
			);
			dependencies = (
			);
			name = Brewdog;
			productName = Brewdog;
			productReference = 479F294B281D74A3009DCE91 /* Brewdog.app */;
			productType = "com.apple.product-type.application";
		};
		479F2960281D74A6009DCE91 /* BrewdogTests */ = {
			isa = PBXNativeTarget;
			buildConfigurationList = 479F2978281D74A6009DCE91 /* Build configuration list for PBXNativeTarget "BrewdogTests" */;
			buildPhases = (
				479F295D281D74A6009DCE91 /* Sources */,
				479F295E281D74A6009DCE91 /* Frameworks */,
				479F295F281D74A6009DCE91 /* Resources */,
			);
			buildRules = (
			);
			dependencies = (
				479F2963281D74A6009DCE91 /* PBXTargetDependency */,
			);
			name = BrewdogTests;
			productName = BrewdogTests;
			productReference = 479F2961281D74A6009DCE91 /* BrewdogTests.xctest */;
			productType = "com.apple.product-type.bundle.unit-test";
		};
		479F296A281D74A6009DCE91 /* BrewdogUITests */ = {
			isa = PBXNativeTarget;
			buildConfigurationList = 479F297B281D74A6009DCE91 /* Build configuration list for PBXNativeTarget "BrewdogUITests" */;
			buildPhases = (
				479F2967281D74A6009DCE91 /* Sources */,
				479F2968281D74A6009DCE91 /* Frameworks */,
				479F2969281D74A6009DCE91 /* Resources */,
			);
			buildRules = (
			);
			dependencies = (
				479F296D281D74A6009DCE91 /* PBXTargetDependency */,
			);
			name = BrewdogUITests;
			productName = BrewdogUITests;
			productReference = 479F296B281D74A6009DCE91 /* BrewdogUITests.xctest */;
			productType = "com.apple.product-type.bundle.ui-testing";
		};
/* End PBXNativeTarget section */

/* Begin PBXProject section */
		479F2943281D74A3009DCE91 /* Project object */ = {
			isa = PBXProject;
			attributes = {
				BuildIndependentTargetsInParallel = 1;
				LastSwiftUpdateCheck = 1320;
				LastUpgradeCheck = 1320;
				TargetAttributes = {
					479F294A281D74A3009DCE91 = {
						CreatedOnToolsVersion = 13.2.1;
					};
					479F2960281D74A6009DCE91 = {
						CreatedOnToolsVersion = 13.2.1;
						TestTargetID = 479F294A281D74A3009DCE91;
					};
					479F296A281D74A6009DCE91 = {
						CreatedOnToolsVersion = 13.2.1;
						TestTargetID = 479F294A281D74A3009DCE91;
					};
				};
			};
			buildConfigurationList = 479F2946281D74A3009DCE91 /* Build configuration list for PBXProject "Brewdog" */;
			compatibilityVersion = "Xcode 13.0";
			developmentRegion = en;
			hasScannedForEncodings = 0;
			knownRegions = (
				en,
				Base,
			);
			mainGroup = 479F2942281D74A3009DCE91;
			productRefGroup = 479F294C281D74A3009DCE91 /* Products */;
			projectDirPath = "";
			projectRoot = "";
			targets = (
				479F294A281D74A3009DCE91 /* Brewdog */,
				479F2960281D74A6009DCE91 /* BrewdogTests */,
				479F296A281D74A6009DCE91 /* BrewdogUITests */,
			);
		};
/* End PBXProject section */

/* Begin PBXResourcesBuildPhase section */
		479F2949281D74A3009DCE91 /* Resources */ = {
			isa = PBXResourcesBuildPhase;
			buildActionMask = 2147483647;
			files = (
				479F295B281D74A6009DCE91 /* LaunchScreen.storyboard in Resources */,
				479F29B9281D8548009DCE91 /* BeerCell.xib in Resources */,
				479F29C4281D962D009DCE91 /* DetailCell.xib in Resources */,
				479F299D281D7838009DCE91 /* BeerDetailsViewController.xib in Resources */,
				479F2958281D74A6009DCE91 /* Assets.xcassets in Resources */,
				479F2990281D77ED009DCE91 /* BeerListViewController.xib in Resources */,
			);
			runOnlyForDeploymentPostprocessing = 0;
		};
		479F295F281D74A6009DCE91 /* Resources */ = {
			isa = PBXResourcesBuildPhase;
			buildActionMask = 2147483647;
			files = (
			);
			runOnlyForDeploymentPostprocessing = 0;
		};
		479F2969281D74A6009DCE91 /* Resources */ = {
			isa = PBXResourcesBuildPhase;
			buildActionMask = 2147483647;
			files = (
			);
			runOnlyForDeploymentPostprocessing = 0;
		};
/* End PBXResourcesBuildPhase section */

/* Begin PBXSourcesBuildPhase section */
		479F2947281D74A3009DCE91 /* Sources */ = {
			isa = PBXSourcesBuildPhase;
			buildActionMask = 2147483647;
			files = (
				479F29A1281D789C009DCE91 /* UIViewController+Extension.swift in Sources */,
				479F29A3281D78B7009DCE91 /* UIView+Extension.swift in Sources */,
				479F29C1281D961D009DCE91 /* DetailCell.swift in Sources */,
				479F29AB281D790E009DCE91 /* ImageCache.swift in Sources */,
				479F298B281D777D009DCE91 /* Coordinator.swift in Sources */,
				479F299B281D7829009DCE91 /* BeerDetailsViewController.swift in Sources */,
				479F299F281D7852009DCE91 /* BaseViewController.swift in Sources */,
				479F29B0281D794B009DCE91 /* APIRequest.swift in Sources */,
				479F29B7281D853C009DCE91 /* BeerCell.swift in Sources */,
				479F29BD281D9255009DCE91 /* Method.swift in Sources */,
				479F29A7281D78F3009DCE91 /* Bindable.swift in Sources */,
				479F29A9281D7900009DCE91 /* ErrorHelper.swift in Sources */,
				479F2994281D7802009DCE91 /* BeerListViewModel.swift in Sources */,
				479F29B2281D7963009DCE91 /* AppAPI.swift in Sources */,
				479F2987281D776C009DCE91 /* AppCoordinator.swift in Sources */,
				479F2999281D7820009DCE91 /* BeerDetailsViewModel.swift in Sources */,
				479F298E281D77E5009DCE91 /* BeerListViewController.swift in Sources */,
				479F2989281D7776009DCE91 /* BaseCoordinator.swift in Sources */,
				479F29BB281D8A35009DCE91 /* BeersRequest.swift in Sources */,
				479F2992281D77F8009DCE91 /* BeerListCoordinator.swift in Sources */,
				479F294F281D74A3009DCE91 /* AppDelegate.swift in Sources */,
				479F29A5281D78D1009DCE91 /* LoadableImageView.swift in Sources */,
				479F29AE281D793A009DCE91 /* API.swift in Sources */,
				479F29B4281D82D2009DCE91 /* Beer.swift in Sources */,
				479F29BF281D9275009DCE91 /* Ingredients.swift in Sources */,
				479F2997281D7817009DCE91 /* BeerDetailsCoordinator.swift in Sources */,
			);
			runOnlyForDeploymentPostprocessing = 0;
		};
		479F295D281D74A6009DCE91 /* Sources */ = {
			isa = PBXSourcesBuildPhase;
			buildActionMask = 2147483647;
			files = (
				479F2966281D74A6009DCE91 /* BrewdogTests.swift in Sources */,
			);
			runOnlyForDeploymentPostprocessing = 0;
		};
		479F2967281D74A6009DCE91 /* Sources */ = {
			isa = PBXSourcesBuildPhase;
			buildActionMask = 2147483647;
			files = (
				479F2970281D74A6009DCE91 /* BrewdogUITests.swift in Sources */,
				479F2972281D74A6009DCE91 /* BrewdogUITestsLaunchTests.swift in Sources */,
			);
			runOnlyForDeploymentPostprocessing = 0;
		};
/* End PBXSourcesBuildPhase section */

/* Begin PBXTargetDependency section */
		479F2963281D74A6009DCE91 /* PBXTargetDependency */ = {
			isa = PBXTargetDependency;
			target = 479F294A281D74A3009DCE91 /* Brewdog */;
			targetProxy = 479F2962281D74A6009DCE91 /* PBXContainerItemProxy */;
		};
		479F296D281D74A6009DCE91 /* PBXTargetDependency */ = {
			isa = PBXTargetDependency;
			target = 479F294A281D74A3009DCE91 /* Brewdog */;
			targetProxy = 479F296C281D74A6009DCE91 /* PBXContainerItemProxy */;
		};
/* End PBXTargetDependency section */

/* Begin PBXVariantGroup section */
		479F2959281D74A6009DCE91 /* LaunchScreen.storyboard */ = {
			isa = PBXVariantGroup;
			children = (
				479F295A281D74A6009DCE91 /* Base */,
			);
			name = LaunchScreen.storyboard;
			sourceTree = "<group>";
		};
/* End PBXVariantGroup section */

/* Begin XCBuildConfiguration section */
		479F2973281D74A6009DCE91 /* Debug */ = {
			isa = XCBuildConfiguration;
			buildSettings = {
				ALWAYS_SEARCH_USER_PATHS = NO;
				CLANG_ANALYZER_NONNULL = YES;
				CLANG_ANALYZER_NUMBER_OBJECT_CONVERSION = YES_AGGRESSIVE;
				CLANG_CXX_LANGUAGE_STANDARD = "gnu++17";
				CLANG_CXX_LIBRARY = "libc++";
				CLANG_ENABLE_MODULES = YES;
				CLANG_ENABLE_OBJC_ARC = YES;
				CLANG_ENABLE_OBJC_WEAK = YES;
				CLANG_WARN_BLOCK_CAPTURE_AUTORELEASING = YES;
				CLANG_WARN_BOOL_CONVERSION = YES;
				CLANG_WARN_COMMA = YES;
				CLANG_WARN_CONSTANT_CONVERSION = YES;
				CLANG_WARN_DEPRECATED_OBJC_IMPLEMENTATIONS = YES;
				CLANG_WARN_DIRECT_OBJC_ISA_USAGE = YES_ERROR;
				CLANG_WARN_DOCUMENTATION_COMMENTS = YES;
				CLANG_WARN_EMPTY_BODY = YES;
				CLANG_WARN_ENUM_CONVERSION = YES;
				CLANG_WARN_INFINITE_RECURSION = YES;
				CLANG_WARN_INT_CONVERSION = YES;
				CLANG_WARN_NON_LITERAL_NULL_CONVERSION = YES;
				CLANG_WARN_OBJC_IMPLICIT_RETAIN_SELF = YES;
				CLANG_WARN_OBJC_LITERAL_CONVERSION = YES;
				CLANG_WARN_OBJC_ROOT_CLASS = YES_ERROR;
				CLANG_WARN_QUOTED_INCLUDE_IN_FRAMEWORK_HEADER = YES;
				CLANG_WARN_RANGE_LOOP_ANALYSIS = YES;
				CLANG_WARN_STRICT_PROTOTYPES = YES;
				CLANG_WARN_SUSPICIOUS_MOVE = YES;
				CLANG_WARN_UNGUARDED_AVAILABILITY = YES_AGGRESSIVE;
				CLANG_WARN_UNREACHABLE_CODE = YES;
				CLANG_WARN__DUPLICATE_METHOD_MATCH = YES;
				COPY_PHASE_STRIP = NO;
				DEBUG_INFORMATION_FORMAT = dwarf;
				ENABLE_STRICT_OBJC_MSGSEND = YES;
				ENABLE_TESTABILITY = YES;
				GCC_C_LANGUAGE_STANDARD = gnu11;
				GCC_DYNAMIC_NO_PIC = NO;
				GCC_NO_COMMON_BLOCKS = YES;
				GCC_OPTIMIZATION_LEVEL = 0;
				GCC_PREPROCESSOR_DEFINITIONS = (
					"DEBUG=1",
					"$(inherited)",
				);
				GCC_WARN_64_TO_32_BIT_CONVERSION = YES;
				GCC_WARN_ABOUT_RETURN_TYPE = YES_ERROR;
				GCC_WARN_UNDECLARED_SELECTOR = YES;
				GCC_WARN_UNINITIALIZED_AUTOS = YES_AGGRESSIVE;
				GCC_WARN_UNUSED_FUNCTION = YES;
				GCC_WARN_UNUSED_VARIABLE = YES;
				IPHONEOS_DEPLOYMENT_TARGET = 15.2;
				MTL_ENABLE_DEBUG_INFO = INCLUDE_SOURCE;
				MTL_FAST_MATH = YES;
				ONLY_ACTIVE_ARCH = YES;
				SDKROOT = iphoneos;
				SWIFT_ACTIVE_COMPILATION_CONDITIONS = DEBUG;
				SWIFT_OPTIMIZATION_LEVEL = "-Onone";
			};
			name = Debug;
		};
		479F2974281D74A6009DCE91 /* Release */ = {
			isa = XCBuildConfiguration;
			buildSettings = {
				ALWAYS_SEARCH_USER_PATHS = NO;
				CLANG_ANALYZER_NONNULL = YES;
				CLANG_ANALYZER_NUMBER_OBJECT_CONVERSION = YES_AGGRESSIVE;
				CLANG_CXX_LANGUAGE_STANDARD = "gnu++17";
				CLANG_CXX_LIBRARY = "libc++";
				CLANG_ENABLE_MODULES = YES;
				CLANG_ENABLE_OBJC_ARC = YES;
				CLANG_ENABLE_OBJC_WEAK = YES;
				CLANG_WARN_BLOCK_CAPTURE_AUTORELEASING = YES;
				CLANG_WARN_BOOL_CONVERSION = YES;
				CLANG_WARN_COMMA = YES;
				CLANG_WARN_CONSTANT_CONVERSION = YES;
				CLANG_WARN_DEPRECATED_OBJC_IMPLEMENTATIONS = YES;
				CLANG_WARN_DIRECT_OBJC_ISA_USAGE = YES_ERROR;
				CLANG_WARN_DOCUMENTATION_COMMENTS = YES;
				CLANG_WARN_EMPTY_BODY = YES;
				CLANG_WARN_ENUM_CONVERSION = YES;
				CLANG_WARN_INFINITE_RECURSION = YES;
				CLANG_WARN_INT_CONVERSION = YES;
				CLANG_WARN_NON_LITERAL_NULL_CONVERSION = YES;
				CLANG_WARN_OBJC_IMPLICIT_RETAIN_SELF = YES;
				CLANG_WARN_OBJC_LITERAL_CONVERSION = YES;
				CLANG_WARN_OBJC_ROOT_CLASS = YES_ERROR;
				CLANG_WARN_QUOTED_INCLUDE_IN_FRAMEWORK_HEADER = YES;
				CLANG_WARN_RANGE_LOOP_ANALYSIS = YES;
				CLANG_WARN_STRICT_PROTOTYPES = YES;
				CLANG_WARN_SUSPICIOUS_MOVE = YES;
				CLANG_WARN_UNGUARDED_AVAILABILITY = YES_AGGRESSIVE;
				CLANG_WARN_UNREACHABLE_CODE = YES;
				CLANG_WARN__DUPLICATE_METHOD_MATCH = YES;
				COPY_PHASE_STRIP = NO;
				DEBUG_INFORMATION_FORMAT = "dwarf-with-dsym";
				ENABLE_NS_ASSERTIONS = NO;
				ENABLE_STRICT_OBJC_MSGSEND = YES;
				GCC_C_LANGUAGE_STANDARD = gnu11;
				GCC_NO_COMMON_BLOCKS = YES;
				GCC_WARN_64_TO_32_BIT_CONVERSION = YES;
				GCC_WARN_ABOUT_RETURN_TYPE = YES_ERROR;
				GCC_WARN_UNDECLARED_SELECTOR = YES;
				GCC_WARN_UNINITIALIZED_AUTOS = YES_AGGRESSIVE;
				GCC_WARN_UNUSED_FUNCTION = YES;
				GCC_WARN_UNUSED_VARIABLE = YES;
				IPHONEOS_DEPLOYMENT_TARGET = 15.2;
				MTL_ENABLE_DEBUG_INFO = NO;
				MTL_FAST_MATH = YES;
				SDKROOT = iphoneos;
				SWIFT_COMPILATION_MODE = wholemodule;
				SWIFT_OPTIMIZATION_LEVEL = "-O";
				VALIDATE_PRODUCT = YES;
			};
			name = Release;
		};
		479F2976281D74A6009DCE91 /* Debug */ = {
			isa = XCBuildConfiguration;
			buildSettings = {
				ASSETCATALOG_COMPILER_APPICON_NAME = AppIcon;
				ASSETCATALOG_COMPILER_GLOBAL_ACCENT_COLOR_NAME = AccentColor;
				CODE_SIGN_STYLE = Automatic;
				CURRENT_PROJECT_VERSION = 1;
				DEVELOPMENT_TEAM = A5R6J4899D;
				GENERATE_INFOPLIST_FILE = YES;
				INFOPLIST_FILE = Brewdog/Info.plist;
				INFOPLIST_KEY_UIApplicationSupportsIndirectInputEvents = YES;
				INFOPLIST_KEY_UILaunchStoryboardName = LaunchScreen;
				INFOPLIST_KEY_UISupportedInterfaceOrientations = UIInterfaceOrientationPortrait;
				INFOPLIST_KEY_UISupportedInterfaceOrientations_iPad = "UIInterfaceOrientationPortrait UIInterfaceOrientationPortraitUpsideDown UIInterfaceOrientationLandscapeLeft UIInterfaceOrientationLandscapeRight";
				INFOPLIST_KEY_UISupportedInterfaceOrientations_iPhone = "UIInterfaceOrientationPortrait UIInterfaceOrientationLandscapeLeft UIInterfaceOrientationLandscapeRight";
				IPHONEOS_DEPLOYMENT_TARGET = 13.0;
				LD_RUNPATH_SEARCH_PATHS = (
					"$(inherited)",
					"@executable_path/Frameworks",
				);
				MARKETING_VERSION = 1.0;
				PRODUCT_BUNDLE_IDENTIFIER = com.andriimomot.Brewdog;
				PRODUCT_NAME = "$(TARGET_NAME)";
				SWIFT_EMIT_LOC_STRINGS = YES;
				SWIFT_VERSION = 5.0;
				TARGETED_DEVICE_FAMILY = 1;
			};
			name = Debug;
		};
		479F2977281D74A6009DCE91 /* Release */ = {
			isa = XCBuildConfiguration;
			buildSettings = {
				ASSETCATALOG_COMPILER_APPICON_NAME = AppIcon;
				ASSETCATALOG_COMPILER_GLOBAL_ACCENT_COLOR_NAME = AccentColor;
				CODE_SIGN_STYLE = Automatic;
				CURRENT_PROJECT_VERSION = 1;
				DEVELOPMENT_TEAM = A5R6J4899D;
				GENERATE_INFOPLIST_FILE = YES;
				INFOPLIST_FILE = Brewdog/Info.plist;
				INFOPLIST_KEY_UIApplicationSupportsIndirectInputEvents = YES;
				INFOPLIST_KEY_UILaunchStoryboardName = LaunchScreen;
				INFOPLIST_KEY_UISupportedInterfaceOrientations = UIInterfaceOrientationPortrait;
				INFOPLIST_KEY_UISupportedInterfaceOrientations_iPad = "UIInterfaceOrientationPortrait UIInterfaceOrientationPortraitUpsideDown UIInterfaceOrientationLandscapeLeft UIInterfaceOrientationLandscapeRight";
				INFOPLIST_KEY_UISupportedInterfaceOrientations_iPhone = "UIInterfaceOrientationPortrait UIInterfaceOrientationLandscapeLeft UIInterfaceOrientationLandscapeRight";
				IPHONEOS_DEPLOYMENT_TARGET = 13.0;
				LD_RUNPATH_SEARCH_PATHS = (
					"$(inherited)",
					"@executable_path/Frameworks",
				);
				MARKETING_VERSION = 1.0;
				PRODUCT_BUNDLE_IDENTIFIER = com.andriimomot.Brewdog;
				PRODUCT_NAME = "$(TARGET_NAME)";
				SWIFT_EMIT_LOC_STRINGS = YES;
				SWIFT_VERSION = 5.0;
				TARGETED_DEVICE_FAMILY = 1;
			};
			name = Release;
		};
		479F2979281D74A6009DCE91 /* Debug */ = {
			isa = XCBuildConfiguration;
			buildSettings = {
				ALWAYS_EMBED_SWIFT_STANDARD_LIBRARIES = YES;
				BUNDLE_LOADER = "$(TEST_HOST)";
				CODE_SIGN_STYLE = Automatic;
				CURRENT_PROJECT_VERSION = 1;
				DEVELOPMENT_TEAM = A5R6J4899D;
				GENERATE_INFOPLIST_FILE = YES;
				IPHONEOS_DEPLOYMENT_TARGET = 15.2;
				MARKETING_VERSION = 1.0;
				PRODUCT_BUNDLE_IDENTIFIER = com.andriimomot.BrewdogTests;
				PRODUCT_NAME = "$(TARGET_NAME)";
				SWIFT_EMIT_LOC_STRINGS = NO;
				SWIFT_VERSION = 5.0;
				TARGETED_DEVICE_FAMILY = "1,2";
				TEST_HOST = "$(BUILT_PRODUCTS_DIR)/Brewdog.app/Brewdog";
			};
			name = Debug;
		};
		479F297A281D74A6009DCE91 /* Release */ = {
			isa = XCBuildConfiguration;
			buildSettings = {
				ALWAYS_EMBED_SWIFT_STANDARD_LIBRARIES = YES;
				BUNDLE_LOADER = "$(TEST_HOST)";
				CODE_SIGN_STYLE = Automatic;
				CURRENT_PROJECT_VERSION = 1;
				DEVELOPMENT_TEAM = A5R6J4899D;
				GENERATE_INFOPLIST_FILE = YES;
				IPHONEOS_DEPLOYMENT_TARGET = 15.2;
				MARKETING_VERSION = 1.0;
				PRODUCT_BUNDLE_IDENTIFIER = com.andriimomot.BrewdogTests;
				PRODUCT_NAME = "$(TARGET_NAME)";
				SWIFT_EMIT_LOC_STRINGS = NO;
				SWIFT_VERSION = 5.0;
				TARGETED_DEVICE_FAMILY = "1,2";
				TEST_HOST = "$(BUILT_PRODUCTS_DIR)/Brewdog.app/Brewdog";
			};
			name = Release;
		};
		479F297C281D74A6009DCE91 /* Debug */ = {
			isa = XCBuildConfiguration;
			buildSettings = {
				ALWAYS_EMBED_SWIFT_STANDARD_LIBRARIES = YES;
				CODE_SIGN_STYLE = Automatic;
				CURRENT_PROJECT_VERSION = 1;
				DEVELOPMENT_TEAM = A5R6J4899D;
				GENERATE_INFOPLIST_FILE = YES;
				MARKETING_VERSION = 1.0;
				PRODUCT_BUNDLE_IDENTIFIER = com.andriimomot.BrewdogUITests;
				PRODUCT_NAME = "$(TARGET_NAME)";
				SWIFT_EMIT_LOC_STRINGS = NO;
				SWIFT_VERSION = 5.0;
				TARGETED_DEVICE_FAMILY = "1,2";
				TEST_TARGET_NAME = Brewdog;
			};
			name = Debug;
		};
		479F297D281D74A6009DCE91 /* Release */ = {
			isa = XCBuildConfiguration;
			buildSettings = {
				ALWAYS_EMBED_SWIFT_STANDARD_LIBRARIES = YES;
				CODE_SIGN_STYLE = Automatic;
				CURRENT_PROJECT_VERSION = 1;
				DEVELOPMENT_TEAM = A5R6J4899D;
				GENERATE_INFOPLIST_FILE = YES;
				MARKETING_VERSION = 1.0;
				PRODUCT_BUNDLE_IDENTIFIER = com.andriimomot.BrewdogUITests;
				PRODUCT_NAME = "$(TARGET_NAME)";
				SWIFT_EMIT_LOC_STRINGS = NO;
				SWIFT_VERSION = 5.0;
				TARGETED_DEVICE_FAMILY = "1,2";
				TEST_TARGET_NAME = Brewdog;
			};
			name = Release;
		};
/* End XCBuildConfiguration section */

/* Begin XCConfigurationList section */
		479F2946281D74A3009DCE91 /* Build configuration list for PBXProject "Brewdog" */ = {
			isa = XCConfigurationList;
			buildConfigurations = (
				479F2973281D74A6009DCE91 /* Debug */,
				479F2974281D74A6009DCE91 /* Release */,
			);
			defaultConfigurationIsVisible = 0;
			defaultConfigurationName = Release;
		};
		479F2975281D74A6009DCE91 /* Build configuration list for PBXNativeTarget "Brewdog" */ = {
			isa = XCConfigurationList;
			buildConfigurations = (
				479F2976281D74A6009DCE91 /* Debug */,
				479F2977281D74A6009DCE91 /* Release */,
			);
			defaultConfigurationIsVisible = 0;
			defaultConfigurationName = Release;
		};
		479F2978281D74A6009DCE91 /* Build configuration list for PBXNativeTarget "BrewdogTests" */ = {
			isa = XCConfigurationList;
			buildConfigurations = (
				479F2979281D74A6009DCE91 /* Debug */,
				479F297A281D74A6009DCE91 /* Release */,
			);
			defaultConfigurationIsVisible = 0;
			defaultConfigurationName = Release;
		};
		479F297B281D74A6009DCE91 /* Build configuration list for PBXNativeTarget "BrewdogUITests" */ = {
			isa = XCConfigurationList;
			buildConfigurations = (
				479F297C281D74A6009DCE91 /* Debug */,
				479F297D281D74A6009DCE91 /* Release */,
			);
			defaultConfigurationIsVisible = 0;
			defaultConfigurationName = Release;
		};
/* End XCConfigurationList section */
	};
	rootObject = 479F2943281D74A3009DCE91 /* Project object */;
}
